
Microsoft Visual Studio Solution File, Format Version 12.00
# Visual Studio Version 17
VisualStudioVersion = 17.4.33103.184
MinimumVisualStudioVersion = 10.0.40219.1
Project("{FAE04EC0-301F-11D3-BF4B-00C04F79EFBC}") = "TargaSistemi", "TargaSistemi\TargaSistemi.csproj", "{65C38B54-528E-429D-93AD-263D076BF325}"
EndProject
Global
	GlobalSection(SolutionConfigurationPlatforms) = preSolution
		Debug|Any CPU = Debug|Any CPU
		Release|Any CPU = Release|Any CPU
	EndGlobalSection
	GlobalSection(ProjectConfigurationPlatforms) = postSolution
		{65C38B54-528E-429D-93AD-263D076BF325}.Debug|Any CPU.ActiveCfg = Debug|Any CPU
		{65C38B54-528E-429D-93AD-263D076BF325}.Debug|Any CPU.Build.0 = Debug|Any CPU
		{65C38B54-528E-429D-93AD-263D076BF325}.Release|Any CPU.ActiveCfg = Release|Any CPU
		{65C38B54-528E-429D-93AD-263D076BF325}.Release|Any CPU.Build.0 = Release|Any CPU
	EndGlobalSection
	GlobalSection(SolutionProperties) = preSolution
		HideSolutionNode = FALSE
	EndGlobalSection
	GlobalSection(ExtensibilityGlobals) = postSolution
		SolutionGuid = {EA6A91EA-3604-4492-9B8C-E4E57E46710C}
	EndGlobalSection
EndGlobal
